// !$*UTF8*$!
{
	archiveVersion = 1;
	classes = {
	};
	objectVersion = 77;
	objects = {

/* Begin PBXBuildRule section */
		A36559AA2D29CDC500031099 /* PBXBuildRule */ = {
			isa = PBXBuildRule;
			compilerSpec = com.apple.compilers.proxy.script;
			fileType = pattern.proxy;
			inputFiles = (
			);
			isEditable = 1;
			outputFiles = (
			);
			script = "# Type a script or drag a script file from your workspace to insert its path.\n";
		};
/* End PBXBuildRule section */

/* Begin PBXContainerItemProxy section */
		A36973242D1BE6BF00349F00 /* PBXContainerItemProxy */ = {
			isa = PBXContainerItemProxy;
			containerPortal = A369730A2D1BE6BD00349F00 /* Project object */;
			proxyType = 1;
			remoteGlobalIDString = A36973112D1BE6BD00349F00;
			remoteInfo = "Reverse Scrolling";
		};
		A369732E2D1BE6BF00349F00 /* PBXContainerItemProxy */ = {
			isa = PBXContainerItemProxy;
			containerPortal = A369730A2D1BE6BD00349F00 /* Project object */;
			proxyType = 1;
			remoteGlobalIDString = A36973112D1BE6BD00349F00;
			remoteInfo = "Reverse Scrolling";
		};
/* End PBXContainerItemProxy section */

/* Begin PBXFileReference section */
		A36973122D1BE6BD00349F00 /* Reverse Scrolling.app */ = {isa = PBXFileReference; explicitFileType = wrapper.application; includeInIndex = 0; path = "Reverse Scrolling.app"; sourceTree = BUILT_PRODUCTS_DIR; };
		A36973232D1BE6BF00349F00 /* Reverse ScrollingTests.xctest */ = {isa = PBXFileReference; explicitFileType = wrapper.cfbundle; includeInIndex = 0; path = "Reverse ScrollingTests.xctest"; sourceTree = BUILT_PRODUCTS_DIR; };
		A369732D2D1BE6BF00349F00 /* Reverse ScrollingUITests.xctest */ = {isa = PBXFileReference; explicitFileType = wrapper.cfbundle; includeInIndex = 0; path = "Reverse ScrollingUITests.xctest"; sourceTree = BUILT_PRODUCTS_DIR; };
/* End PBXFileReference section */

/* Begin PBXFileSystemSynchronizedRootGroup section */
		A36973142D1BE6BD00349F00 /* Reverse Scrolling */ = {
			isa = PBXFileSystemSynchronizedRootGroup;
			path = "Reverse Scrolling";
			sourceTree = "<group>";
		};
		A36973262D1BE6BF00349F00 /* Reverse ScrollingTests */ = {
			isa = PBXFileSystemSynchronizedRootGroup;
			path = "Reverse ScrollingTests";
			sourceTree = "<group>";
		};
		A36973302D1BE6BF00349F00 /* Reverse ScrollingUITests */ = {
			isa = PBXFileSystemSynchronizedRootGroup;
			path = "Reverse ScrollingUITests";
			sourceTree = "<group>";
		};
/* End PBXFileSystemSynchronizedRootGroup section */

/* Begin PBXFrameworksBuildPhase section */
		A369730F2D1BE6BD00349F00 /* Frameworks */ = {
			isa = PBXFrameworksBuildPhase;
			buildActionMask = 2147483647;
			files = (
			);
			runOnlyForDeploymentPostprocessing = 0;
		};
		A36973202D1BE6BF00349F00 /* Frameworks */ = {
			isa = PBXFrameworksBuildPhase;
			buildActionMask = 2147483647;
			files = (
			);
			runOnlyForDeploymentPostprocessing = 0;
		};
		A369732A2D1BE6BF00349F00 /* Frameworks */ = {
			isa = PBXFrameworksBuildPhase;
			buildActionMask = 2147483647;
			files = (
			);
			runOnlyForDeploymentPostprocessing = 0;
		};
/* End PBXFrameworksBuildPhase section */

/* Begin PBXGroup section */
		A36973092D1BE6BD00349F00 = {
			isa = PBXGroup;
			children = (
				A36973142D1BE6BD00349F00 /* Reverse Scrolling */,
				A36973262D1BE6BF00349F00 /* Reverse ScrollingTests */,
				A36973302D1BE6BF00349F00 /* Reverse ScrollingUITests */,
				A36973132D1BE6BD00349F00 /* Products */,
			);
			sourceTree = "<group>";
		};
		A36973132D1BE6BD00349F00 /* Products */ = {
			isa = PBXGroup;
			children = (
				A36973122D1BE6BD00349F00 /* Reverse Scrolling.app */,
				A36973232D1BE6BF00349F00 /* Reverse ScrollingTests.xctest */,
				A369732D2D1BE6BF00349F00 /* Reverse ScrollingUITests.xctest */,
			);
			name = Products;
			sourceTree = "<group>";
		};
/* End PBXGroup section */

/* Begin PBXNativeTarget section */
		A36973112D1BE6BD00349F00 /* Reverse Scrolling */ = {
			isa = PBXNativeTarget;
			buildConfigurationList = A36973372D1BE6BF00349F00 /* Build configuration list for PBXNativeTarget "Reverse Scrolling" */;
			buildPhases = (
				A369730E2D1BE6BD00349F00 /* Sources */,
				A369730F2D1BE6BD00349F00 /* Frameworks */,
				A36973102D1BE6BD00349F00 /* Resources */,
				A36559AB2D29CFA600031099 /* ShellScript */,
			);
			buildRules = (
				A36559AA2D29CDC500031099 /* PBXBuildRule */,
			);
			dependencies = (
			);
			fileSystemSynchronizedGroups = (
				A36973142D1BE6BD00349F00 /* Reverse Scrolling */,
			);
			name = "Reverse Scrolling";
			packageProductDependencies = (
			);
			productName = "Reverse Scrolling";
			productReference = A36973122D1BE6BD00349F00 /* Reverse Scrolling.app */;
			productType = "com.apple.product-type.application";
		};
		A36973222D1BE6BF00349F00 /* Reverse ScrollingTests */ = {
			isa = PBXNativeTarget;
			buildConfigurationList = A369733A2D1BE6BF00349F00 /* Build configuration list for PBXNativeTarget "Reverse ScrollingTests" */;
			buildPhases = (
				A369731F2D1BE6BF00349F00 /* Sources */,
				A36973202D1BE6BF00349F00 /* Frameworks */,
				A36973212D1BE6BF00349F00 /* Resources */,
			);
			buildRules = (
			);
			dependencies = (
				A36973252D1BE6BF00349F00 /* PBXTargetDependency */,
			);
			fileSystemSynchronizedGroups = (
				A36973262D1BE6BF00349F00 /* Reverse ScrollingTests */,
			);
			name = "Reverse ScrollingTests";
			packageProductDependencies = (
			);
			productName = "Reverse ScrollingTests";
			productReference = A36973232D1BE6BF00349F00 /* Reverse ScrollingTests.xctest */;
			productType = "com.apple.product-type.bundle.unit-test";
		};
		A369732C2D1BE6BF00349F00 /* Reverse ScrollingUITests */ = {
			isa = PBXNativeTarget;
			buildConfigurationList = A369733D2D1BE6BF00349F00 /* Build configuration list for PBXNativeTarget "Reverse ScrollingUITests" */;
			buildPhases = (
				A36973292D1BE6BF00349F00 /* Sources */,
				A369732A2D1BE6BF00349F00 /* Frameworks */,
				A369732B2D1BE6BF00349F00 /* Resources */,
			);
			buildRules = (
			);
			dependencies = (
				A369732F2D1BE6BF00349F00 /* PBXTargetDependency */,
			);
			fileSystemSynchronizedGroups = (
				A36973302D1BE6BF00349F00 /* Reverse ScrollingUITests */,
			);
			name = "Reverse ScrollingUITests";
			packageProductDependencies = (
			);
			productName = "Reverse ScrollingUITests";
			productReference = A369732D2D1BE6BF00349F00 /* Reverse ScrollingUITests.xctest */;
			productType = "com.apple.product-type.bundle.ui-testing";
		};
/* End PBXNativeTarget section */

/* Begin PBXProject section */
		A369730A2D1BE6BD00349F00 /* Project object */ = {
			isa = PBXProject;
			attributes = {
				BuildIndependentTargetsInParallel = 1;
				LastSwiftUpdateCheck = 1620;
				LastUpgradeCheck = 1620;
				TargetAttributes = {
					A36973112D1BE6BD00349F00 = {
						CreatedOnToolsVersion = 16.2;
					};
					A36973222D1BE6BF00349F00 = {
						CreatedOnToolsVersion = 16.2;
						TestTargetID = A36973112D1BE6BD00349F00;
					};
					A369732C2D1BE6BF00349F00 = {
						CreatedOnToolsVersion = 16.2;
						TestTargetID = A36973112D1BE6BD00349F00;
					};
				};
			};
			buildConfigurationList = A369730D2D1BE6BD00349F00 /* Build configuration list for PBXProject "Reverse Scrolling" */;
			developmentRegion = en;
			hasScannedForEncodings = 0;
			knownRegions = (
				en,
				Base,
			);
			mainGroup = A36973092D1BE6BD00349F00;
			minimizedProjectReferenceProxies = 1;
			preferredProjectObjectVersion = 77;
			productRefGroup = A36973132D1BE6BD00349F00 /* Products */;
			projectDirPath = "";
			projectRoot = "";
			targets = (
				A36973112D1BE6BD00349F00 /* Reverse Scrolling */,
				A36973222D1BE6BF00349F00 /* Reverse ScrollingTests */,
				A369732C2D1BE6BF00349F00 /* Reverse ScrollingUITests */,
			);
		};
/* End PBXProject section */

/* Begin PBXResourcesBuildPhase section */
		A36973102D1BE6BD00349F00 /* Resources */ = {
			isa = PBXResourcesBuildPhase;
			buildActionMask = 2147483647;
			files = (
			);
			runOnlyForDeploymentPostprocessing = 0;
		};
		A36973212D1BE6BF00349F00 /* Resources */ = {
			isa = PBXResourcesBuildPhase;
			buildActionMask = 2147483647;
			files = (
			);
			runOnlyForDeploymentPostprocessing = 0;
		};
		A369732B2D1BE6BF00349F00 /* Resources */ = {
			isa = PBXResourcesBuildPhase;
			buildActionMask = 2147483647;
			files = (
			);
			runOnlyForDeploymentPostprocessing = 0;
		};
/* End PBXResourcesBuildPhase section */

/* Begin PBXShellScriptBuildPhase section */
		A36559AB2D29CFA600031099 /* ShellScript */ = {
			isa = PBXShellScriptBuildPhase;
			buildActionMask = 12;
			files = (
			);
			inputFileListPaths = (
			);
			inputPaths = (
			);
			outputFileListPaths = (
			);
			outputPaths = (
				"$(SRCROOT)/Reverse-Scrolling-Info.plist",
			);
			runOnlyForDeploymentPostprocessing = 0;
			shellPath = /bin/zsh;
			shellScript = "# Path to the Info.plist file\nPLIST_FILE=\"${SRCROOT}/Reverse-Scrolling-Info.plist\"\n\n# Check if the file already exists\nif [ ! -f \"$PLIST_FILE\" ]; then\n    echo \"Creating Info.plist at $PLIST_FILE\"\n    cat <<EOF > \"$PLIST_FILE\"\n<?xml version=\"1.0\" encoding=\"UTF-8\"?>\n<!DOCTYPE plist PUBLIC \"-//Apple//DTD PLIST 1.0//EN\" \"http://www.apple.com/DTDs/PropertyList-1.0.dtd\">\n<plist version=\"1.0\">\n<dict/>\n</plist>\nEOF\nfi\n";
		};
/* End PBXShellScriptBuildPhase section */

/* Begin PBXSourcesBuildPhase section */
		A369730E2D1BE6BD00349F00 /* Sources */ = {
			isa = PBXSourcesBuildPhase;
			buildActionMask = 2147483647;
			files = (
			);
			runOnlyForDeploymentPostprocessing = 0;
		};
		A369731F2D1BE6BF00349F00 /* Sources */ = {
			isa = PBXSourcesBuildPhase;
			buildActionMask = 2147483647;
			files = (
			);
			runOnlyForDeploymentPostprocessing = 0;
		};
		A36973292D1BE6BF00349F00 /* Sources */ = {
			isa = PBXSourcesBuildPhase;
			buildActionMask = 2147483647;
			files = (
			);
			runOnlyForDeploymentPostprocessing = 0;
		};
/* End PBXSourcesBuildPhase section */

/* Begin PBXTargetDependency section */
		A36973252D1BE6BF00349F00 /* PBXTargetDependency */ = {
			isa = PBXTargetDependency;
			target = A36973112D1BE6BD00349F00 /* Reverse Scrolling */;
			targetProxy = A36973242D1BE6BF00349F00 /* PBXContainerItemProxy */;
		};
		A369732F2D1BE6BF00349F00 /* PBXTargetDependency */ = {
			isa = PBXTargetDependency;
			target = A36973112D1BE6BD00349F00 /* Reverse Scrolling */;
			targetProxy = A369732E2D1BE6BF00349F00 /* PBXContainerItemProxy */;
		};
/* End PBXTargetDependency section */

/* Begin XCBuildConfiguration section */
		A36973352D1BE6BF00349F00 /* Debug */ = {
			isa = XCBuildConfiguration;
			buildSettings = {
				ALWAYS_SEARCH_USER_PATHS = NO;
				ASSETCATALOG_COMPILER_GENERATE_SWIFT_ASSET_SYMBOL_EXTENSIONS = YES;
				CLANG_ANALYZER_NONNULL = YES;
				CLANG_ANALYZER_NUMBER_OBJECT_CONVERSION = YES_AGGRESSIVE;
				CLANG_CXX_LANGUAGE_STANDARD = "gnu++20";
				CLANG_ENABLE_MODULES = YES;
				CLANG_ENABLE_OBJC_ARC = YES;
				CLANG_ENABLE_OBJC_WEAK = YES;
				CLANG_WARN_BLOCK_CAPTURE_AUTORELEASING = YES;
				CLANG_WARN_BOOL_CONVERSION = YES;
				CLANG_WARN_COMMA = YES;
				CLANG_WARN_CONSTANT_CONVERSION = YES;
				CLANG_WARN_DEPRECATED_OBJC_IMPLEMENTATIONS = YES;
				CLANG_WARN_DIRECT_OBJC_ISA_USAGE = YES_ERROR;
				CLANG_WARN_DOCUMENTATION_COMMENTS = YES;
				CLANG_WARN_EMPTY_BODY = YES;
				CLANG_WARN_ENUM_CONVERSION = YES;
				CLANG_WARN_INFINITE_RECURSION = YES;
				CLANG_WARN_INT_CONVERSION = YES;
				CLANG_WARN_NON_LITERAL_NULL_CONVERSION = YES;
				CLANG_WARN_OBJC_IMPLICIT_RETAIN_SELF = YES;
				CLANG_WARN_OBJC_LITERAL_CONVERSION = YES;
				CLANG_WARN_OBJC_ROOT_CLASS = YES_ERROR;
				CLANG_WARN_QUOTED_INCLUDE_IN_FRAMEWORK_HEADER = YES;
				CLANG_WARN_RANGE_LOOP_ANALYSIS = YES;
				CLANG_WARN_STRICT_PROTOTYPES = YES;
				CLANG_WARN_SUSPICIOUS_MOVE = YES;
				CLANG_WARN_UNGUARDED_AVAILABILITY = YES_AGGRESSIVE;
				CLANG_WARN_UNREACHABLE_CODE = YES;
				CLANG_WARN__DUPLICATE_METHOD_MATCH = YES;
				COPY_PHASE_STRIP = NO;
				DEBUG_INFORMATION_FORMAT = dwarf;
				ENABLE_STRICT_OBJC_MSGSEND = YES;
				ENABLE_TESTABILITY = YES;
				ENABLE_USER_SCRIPT_SANDBOXING = YES;
				GCC_C_LANGUAGE_STANDARD = gnu17;
				GCC_DYNAMIC_NO_PIC = NO;
				GCC_NO_COMMON_BLOCKS = YES;
				GCC_OPTIMIZATION_LEVEL = 0;
				GCC_PREPROCESSOR_DEFINITIONS = (
					"DEBUG=1",
					"$(inherited)",
				);
				GCC_WARN_64_TO_32_BIT_CONVERSION = YES;
				GCC_WARN_ABOUT_RETURN_TYPE = YES_ERROR;
				GCC_WARN_UNDECLARED_SELECTOR = YES;
				GCC_WARN_UNINITIALIZED_AUTOS = YES_AGGRESSIVE;
				GCC_WARN_UNUSED_FUNCTION = YES;
				GCC_WARN_UNUSED_VARIABLE = YES;
				LOCALIZATION_PREFERS_STRING_CATALOGS = YES;
				MACOSX_DEPLOYMENT_TARGET = 15.1;
				MTL_ENABLE_DEBUG_INFO = INCLUDE_SOURCE;
				MTL_FAST_MATH = YES;
				ONLY_ACTIVE_ARCH = YES;
				SDKROOT = macosx;
				SWIFT_ACTIVE_COMPILATION_CONDITIONS = "DEBUG $(inherited)";
				SWIFT_OPTIMIZATION_LEVEL = "-Onone";
			};
			name = Debug;
		};
		A36973362D1BE6BF00349F00 /* Release */ = {
			isa = XCBuildConfiguration;
			buildSettings = {
				ALWAYS_SEARCH_USER_PATHS = NO;
				ASSETCATALOG_COMPILER_GENERATE_SWIFT_ASSET_SYMBOL_EXTENSIONS = YES;
				CLANG_ANALYZER_NONNULL = YES;
				CLANG_ANALYZER_NUMBER_OBJECT_CONVERSION = YES_AGGRESSIVE;
				CLANG_CXX_LANGUAGE_STANDARD = "gnu++20";
				CLANG_ENABLE_MODULES = YES;
				CLANG_ENABLE_OBJC_ARC = YES;
				CLANG_ENABLE_OBJC_WEAK = YES;
				CLANG_WARN_BLOCK_CAPTURE_AUTORELEASING = YES;
				CLANG_WARN_BOOL_CONVERSION = YES;
				CLANG_WARN_COMMA = YES;
				CLANG_WARN_CONSTANT_CONVERSION = YES;
				CLANG_WARN_DEPRECATED_OBJC_IMPLEMENTATIONS = YES;
				CLANG_WARN_DIRECT_OBJC_ISA_USAGE = YES_ERROR;
				CLANG_WARN_DOCUMENTATION_COMMENTS = YES;
				CLANG_WARN_EMPTY_BODY = YES;
				CLANG_WARN_ENUM_CONVERSION = YES;
				CLANG_WARN_INFINITE_RECURSION = YES;
				CLANG_WARN_INT_CONVERSION = YES;
				CLANG_WARN_NON_LITERAL_NULL_CONVERSION = YES;
				CLANG_WARN_OBJC_IMPLICIT_RETAIN_SELF = YES;
				CLANG_WARN_OBJC_LITERAL_CONVERSION = YES;
				CLANG_WARN_OBJC_ROOT_CLASS = YES_ERROR;
				CLANG_WARN_QUOTED_INCLUDE_IN_FRAMEWORK_HEADER = YES;
				CLANG_WARN_RANGE_LOOP_ANALYSIS = YES;
				CLANG_WARN_STRICT_PROTOTYPES = YES;
				CLANG_WARN_SUSPICIOUS_MOVE = YES;
				CLANG_WARN_UNGUARDED_AVAILABILITY = YES_AGGRESSIVE;
				CLANG_WARN_UNREACHABLE_CODE = YES;
				CLANG_WARN__DUPLICATE_METHOD_MATCH = YES;
				COPY_PHASE_STRIP = NO;
				DEBUG_INFORMATION_FORMAT = "dwarf-with-dsym";
				ENABLE_NS_ASSERTIONS = NO;
				ENABLE_STRICT_OBJC_MSGSEND = YES;
				ENABLE_USER_SCRIPT_SANDBOXING = YES;
				GCC_C_LANGUAGE_STANDARD = gnu17;
				GCC_NO_COMMON_BLOCKS = YES;
				GCC_WARN_64_TO_32_BIT_CONVERSION = YES;
				GCC_WARN_ABOUT_RETURN_TYPE = YES_ERROR;
				GCC_WARN_UNDECLARED_SELECTOR = YES;
				GCC_WARN_UNINITIALIZED_AUTOS = YES_AGGRESSIVE;
				GCC_WARN_UNUSED_FUNCTION = YES;
				GCC_WARN_UNUSED_VARIABLE = YES;
				LOCALIZATION_PREFERS_STRING_CATALOGS = YES;
				MACOSX_DEPLOYMENT_TARGET = 15.1;
				MTL_ENABLE_DEBUG_INFO = NO;
				MTL_FAST_MATH = YES;
				SDKROOT = macosx;
				SWIFT_COMPILATION_MODE = wholemodule;
			};
			name = Release;
		};
		A36973382D1BE6BF00349F00 /* Debug */ = {
			isa = XCBuildConfiguration;
			buildSettings = {
				ASSETCATALOG_COMPILER_APPICON_NAME = AppIcon;
				ASSETCATALOG_COMPILER_GLOBAL_ACCENT_COLOR_NAME = AccentColor;
				ASSETCATALOG_COMPILER_INCLUDE_ALL_APPICON_ASSETS = NO;
				CLANG_USE_OPTIMIZATION_PROFILE = YES;
				CODE_SIGN_ENTITLEMENTS = "Reverse Scrolling/Reverse_Scrolling.entitlements";
				CODE_SIGN_STYLE = Automatic;
				COMBINE_HIDPI_IMAGES = YES;
				CURRENT_PROJECT_VERSION = 1;
				DEVELOPMENT_TEAM = R23P4NUBHA;
				ENABLE_HARDENED_RUNTIME = YES;
				GENERATE_INFOPLIST_FILE = YES;
				INFOPLIST_FILE = "Reverse-Scrolling-Info.plist";
				INFOPLIST_KEY_LSApplicationCategoryType = "public.app-category.utilities";
				INFOPLIST_KEY_NSHumanReadableCopyright = "";
				INFOPLIST_KEY_NSMainStoryboardFile = Main;
				INFOPLIST_KEY_NSPrincipalClass = NSApplication;
				LD_RUNPATH_SEARCH_PATHS = (
					"$(inherited)",
					"@executable_path/../Frameworks",
				);
				MARKETING_VERSION = 1.2;
				PRODUCT_BUNDLE_IDENTIFIER = "com.sky.Reverse-Scrolling";
				PRODUCT_NAME = "$(TARGET_NAME)";
				SWIFT_EMIT_LOC_STRINGS = YES;
				SWIFT_VERSION = 5.0;
			};
			name = Debug;
		};
		A36973392D1BE6BF00349F00 /* Release */ = {
			isa = XCBuildConfiguration;
			buildSettings = {
				ASSETCATALOG_COMPILER_APPICON_NAME = AppIcon;
				ASSETCATALOG_COMPILER_GLOBAL_ACCENT_COLOR_NAME = AccentColor;
				ASSETCATALOG_COMPILER_INCLUDE_ALL_APPICON_ASSETS = NO;
				CLANG_USE_OPTIMIZATION_PROFILE = YES;
				CODE_SIGN_ENTITLEMENTS = "Reverse Scrolling/Reverse_Scrolling.entitlements";
				CODE_SIGN_STYLE = Automatic;
				COMBINE_HIDPI_IMAGES = YES;
				CURRENT_PROJECT_VERSION = 1;
				DEVELOPMENT_TEAM = R23P4NUBHA;
				ENABLE_HARDENED_RUNTIME = YES;
				GENERATE_INFOPLIST_FILE = YES;
				INFOPLIST_FILE = "Reverse-Scrolling-Info.plist";
				INFOPLIST_KEY_LSApplicationCategoryType = "public.app-category.utilities";
				INFOPLIST_KEY_NSHumanReadableCopyright = "";
				INFOPLIST_KEY_NSMainStoryboardFile = Main;
				INFOPLIST_KEY_NSPrincipalClass = NSApplication;
				LD_RUNPATH_SEARCH_PATHS = (
					"$(inherited)",
					"@executable_path/../Frameworks",
				);
				MARKETING_VERSION = 1.2;
				PRODUCT_BUNDLE_IDENTIFIER = "com.sky.Reverse-Scrolling";
				PRODUCT_NAME = "$(TARGET_NAME)";
				SWIFT_EMIT_LOC_STRINGS = YES;
				SWIFT_VERSION = 5.0;
			};
			name = Release;
		};
		A369733B2D1BE6BF00349F00 /* Debug */ = {
			isa = XCBuildConfiguration;
			buildSettings = {
				BUNDLE_LOADER = "$(TEST_HOST)";
				CODE_SIGN_STYLE = Automatic;
				CURRENT_PROJECT_VERSION = 1;
				DEVELOPMENT_TEAM = R23P4NUBHA;
				GENERATE_INFOPLIST_FILE = YES;
				MACOSX_DEPLOYMENT_TARGET = 15.1;
				MARKETING_VERSION = 1.0;
				PRODUCT_BUNDLE_IDENTIFIER = "com.sky.Reverse-ScrollingTests";
				PRODUCT_NAME = "$(TARGET_NAME)";
				SWIFT_EMIT_LOC_STRINGS = NO;
				SWIFT_VERSION = 5.0;
				TEST_HOST = "$(BUILT_PRODUCTS_DIR)/Reverse Scrolling.app/$(BUNDLE_EXECUTABLE_FOLDER_PATH)/Reverse Scrolling";
			};
			name = Debug;
		};
		A369733C2D1BE6BF00349F00 /* Release */ = {
			isa = XCBuildConfiguration;
			buildSettings = {
				BUNDLE_LOADER = "$(TEST_HOST)";
				CODE_SIGN_STYLE = Automatic;
				CURRENT_PROJECT_VERSION = 1;
				DEVELOPMENT_TEAM = R23P4NUBHA;
				GENERATE_INFOPLIST_FILE = YES;
				MACOSX_DEPLOYMENT_TARGET = 15.1;
				MARKETING_VERSION = 1.0;
				PRODUCT_BUNDLE_IDENTIFIER = "com.sky.Reverse-ScrollingTests";
				PRODUCT_NAME = "$(TARGET_NAME)";
				SWIFT_EMIT_LOC_STRINGS = NO;
				SWIFT_VERSION = 5.0;
				TEST_HOST = "$(BUILT_PRODUCTS_DIR)/Reverse Scrolling.app/$(BUNDLE_EXECUTABLE_FOLDER_PATH)/Reverse Scrolling";
			};
			name = Release;
		};
		A369733E2D1BE6BF00349F00 /* Debug */ = {
			isa = XCBuildConfiguration;
			buildSettings = {
				CODE_SIGN_STYLE = Automatic;
				CURRENT_PROJECT_VERSION = 1;
				DEVELOPMENT_TEAM = R23P4NUBHA;
				GENERATE_INFOPLIST_FILE = YES;
				INFOPLIST_FILE = "Reverse-ScrollingUITests-Info.plist";
				INFOPLIST_KEY_LSUIElement = YES;
				MARKETING_VERSION = 1.0;
				PRODUCT_BUNDLE_IDENTIFIER = "com.sky.Reverse-ScrollingUITests";
				PRODUCT_NAME = "$(TARGET_NAME)";
				SWIFT_EMIT_LOC_STRINGS = NO;
				SWIFT_VERSION = 5.0;
				TEST_TARGET_NAME = "Reverse Scrolling";
			};
			name = Debug;
		};
		A369733F2D1BE6BF00349F00 /* Release */ = {
			isa = XCBuildConfiguration;
			buildSettings = {
				CODE_SIGN_STYLE = Automatic;
				CURRENT_PROJECT_VERSION = 1;
				DEVELOPMENT_TEAM = R23P4NUBHA;
				GENERATE_INFOPLIST_FILE = YES;
				INFOPLIST_FILE = "Reverse-ScrollingUITests-Info.plist";
				INFOPLIST_KEY_LSUIElement = YES;
				MARKETING_VERSION = 1.0;
				PRODUCT_BUNDLE_IDENTIFIER = "com.sky.Reverse-ScrollingUITests";
				PRODUCT_NAME = "$(TARGET_NAME)";
				SWIFT_EMIT_LOC_STRINGS = NO;
				SWIFT_VERSION = 5.0;
				TEST_TARGET_NAME = "Reverse Scrolling";
			};
			name = Release;
		};
/* End XCBuildConfiguration section */

/* Begin XCConfigurationList section */
		A369730D2D1BE6BD00349F00 /* Build configuration list for PBXProject "Reverse Scrolling" */ = {
			isa = XCConfigurationList;
			buildConfigurations = (
				A36973352D1BE6BF00349F00 /* Debug */,
				A36973362D1BE6BF00349F00 /* Release */,
			);
			defaultConfigurationIsVisible = 0;
			defaultConfigurationName = Release;
		};
		A36973372D1BE6BF00349F00 /* Build configuration list for PBXNativeTarget "Reverse Scrolling" */ = {
			isa = XCConfigurationList;
			buildConfigurations = (
				A36973382D1BE6BF00349F00 /* Debug */,
				A36973392D1BE6BF00349F00 /* Release */,
			);
			defaultConfigurationIsVisible = 0;
			defaultConfigurationName = Release;
		};
		A369733A2D1BE6BF00349F00 /* Build configuration list for PBXNativeTarget "Reverse ScrollingTests" */ = {
			isa = XCConfigurationList;
			buildConfigurations = (
				A369733B2D1BE6BF00349F00 /* Debug */,
				A369733C2D1BE6BF00349F00 /* Release */,
			);
			defaultConfigurationIsVisible = 0;
			defaultConfigurationName = Release;
		};
		A369733D2D1BE6BF00349F00 /* Build configuration list for PBXNativeTarget "Reverse ScrollingUITests" */ = {
			isa = XCConfigurationList;
			buildConfigurations = (
				A369733E2D1BE6BF00349F00 /* Debug */,
				A369733F2D1BE6BF00349F00 /* Release */,
			);
			defaultConfigurationIsVisible = 0;
			defaultConfigurationName = Release;
		};
/* End XCConfigurationList section */
	};
	rootObject = A369730A2D1BE6BD00349F00 /* Project object */;
}
